<?xml version="1.0" encoding="utf-8"?>
<Project ToolsVersion="17.0" xmlns="http://schemas.microsoft.com/developer/msbuild/2003">
  <ItemGroup>
    <CustomBuild Include="C:\Users\barte\Shipers\build-windows\CMakeFiles\5be09cf9310a7116f8162ccdef82a20b\generate.stamp.rule">
      <Filter>CMake Rules</Filter>
    </CustomBuild>
  </ItemGroup>
  <ItemGroup>
    <Filter Include="CMake Rules">
      <UniqueIdentifier>{3FF83889-59CD-3EE0-AC9D-7A04057B157D}</UniqueIdentifier>
    </Filter>
  </ItemGroup>
</Project>
